NeoBundleLock indentLine 47648734706fb2cd0e4d4350f12157d1e5f4c465
NeoBundleLock lightline.vim e0cb7ef0eb9a1e6f69d7d77ebb4415b13cb170cf
NeoBundleLock molokai c67bdfcdb31415aa0ade7f8c003261700a885476
NeoBundleLock neobundle.vim 1306c131ff0a6cc094b7ff0727350e442b5427f1
NeoBundleLock vim-trailing-whitespace 4c596548216b7c19971f8fc94e38ef1a2b55fee6
